
Microsoft Visual Studio Solution File, Format Version 12.00
# Visual Studio Version 17
VisualStudioVersion = 17.0.31903.59
MinimumVisualStudioVersion = 10.0.40219.1
Project("{9A19103F-16F7-4668-BE54-9A1E7A4F7556}") = "Domain", "Domain\Domain.csproj", "{A15B43CB-9A56-49BA-9926-F88D4021DB92}"
EndProject
Project("{9A19103F-16F7-4668-BE54-9A1E7A4F7556}") = "Application", "Application\Application.csproj", "{55073A0E-37C9-4F82-BF24-55588B8A4243}"
EndProject
Project("{9A19103F-16F7-4668-BE54-9A1E7A4F7556}") = "Persistence", "Persistence\Persistence.csproj", "{63404616-85BF-460B-8E2D-DB70E8FDBDA4}"
EndProject
Project("{9A19103F-16F7-4668-BE54-9A1E7A4F7556}") = "WebApi", "WebApi\WebApi.csproj", "{3DD569E0-12BB-44A7-A598-1E04272C08DC}"
EndProject
Project("{9A19103F-16F7-4668-BE54-9A1E7A4F7556}") = "WebApi.Test", "WebApi.Test\WebApi.Test.csproj", "{8C5E6799-2736-4BE3-904C-B3BD22D2BF58}"
EndProject
Global
	GlobalSection(SolutionConfigurationPlatforms) = preSolution
		Debug|Any CPU = Debug|Any CPU
		Release|Any CPU = Release|Any CPU
	EndGlobalSection
	GlobalSection(ProjectConfigurationPlatforms) = postSolution
		{A15B43CB-9A56-49BA-9926-F88D4021DB92}.Debug|Any CPU.ActiveCfg = Debug|Any CPU
		{A15B43CB-9A56-49BA-9926-F88D4021DB92}.Debug|Any CPU.Build.0 = Debug|Any CPU
		{A15B43CB-9A56-49BA-9926-F88D4021DB92}.Release|Any CPU.ActiveCfg = Release|Any CPU
		{A15B43CB-9A56-49BA-9926-F88D4021DB92}.Release|Any CPU.Build.0 = Release|Any CPU
		{55073A0E-37C9-4F82-BF24-55588B8A4243}.Debug|Any CPU.ActiveCfg = Debug|Any CPU
		{55073A0E-37C9-4F82-BF24-55588B8A4243}.Debug|Any CPU.Build.0 = Debug|Any CPU
		{55073A0E-37C9-4F82-BF24-55588B8A4243}.Release|Any CPU.ActiveCfg = Release|Any CPU
		{55073A0E-37C9-4F82-BF24-55588B8A4243}.Release|Any CPU.Build.0 = Release|Any CPU
		{63404616-85BF-460B-8E2D-DB70E8FDBDA4}.Debug|Any CPU.ActiveCfg = Debug|Any CPU
		{63404616-85BF-460B-8E2D-DB70E8FDBDA4}.Debug|Any CPU.Build.0 = Debug|Any CPU
		{63404616-85BF-460B-8E2D-DB70E8FDBDA4}.Release|Any CPU.ActiveCfg = Release|Any CPU
		{63404616-85BF-460B-8E2D-DB70E8FDBDA4}.Release|Any CPU.Build.0 = Release|Any CPU
		{3DD569E0-12BB-44A7-A598-1E04272C08DC}.Debug|Any CPU.ActiveCfg = Debug|Any CPU
		{3DD569E0-12BB-44A7-A598-1E04272C08DC}.Debug|Any CPU.Build.0 = Debug|Any CPU
		{3DD569E0-12BB-44A7-A598-1E04272C08DC}.Release|Any CPU.ActiveCfg = Release|Any CPU
		{3DD569E0-12BB-44A7-A598-1E04272C08DC}.Release|Any CPU.Build.0 = Release|Any CPU
		{8C5E6799-2736-4BE3-904C-B3BD22D2BF58}.Debug|Any CPU.ActiveCfg = Debug|Any CPU
		{8C5E6799-2736-4BE3-904C-B3BD22D2BF58}.Debug|Any CPU.Build.0 = Debug|Any CPU
		{8C5E6799-2736-4BE3-904C-B3BD22D2BF58}.Release|Any CPU.ActiveCfg = Release|Any CPU
		{8C5E6799-2736-4BE3-904C-B3BD22D2BF58}.Release|Any CPU.Build.0 = Release|Any CPU
	EndGlobalSection
	GlobalSection(SolutionProperties) = preSolution
		HideSolutionNode = FALSE
	EndGlobalSection
	GlobalSection(ExtensibilityGlobals) = postSolution
		SolutionGuid = {3C5F96D6-E01A-4D15-A36A-5FAFF1D0939C}
	EndGlobalSection
EndGlobal
